
Microsoft Visual Studio Solution File, Format Version 12.00
# Visual Studio Version 16
VisualStudioVersion = 16.0.32428.217
MinimumVisualStudioVersion = 10.0.40219.1
Project("{FAE04EC0-301F-11D3-BF4B-00C04F79EFBC}") = "GUI_karaoke", "karaoke\GUI_karaoke.csproj", "{ED0291AD-15CF-497E-9C5B-39C2E796CB27}"
EndProject
Project("{FAE04EC0-301F-11D3-BF4B-00C04F79EFBC}") = "DAO", "DAO\DAO.csproj", "{2584B06B-F1C4-48F8-84FE-A8CF536745CB}"
EndProject
Project("{FAE04EC0-301F-11D3-BF4B-00C04F79EFBC}") = "BUS", "BUS\BUS.csproj", "{AB69D277-B5AF-40AA-BFF5-656C7849A768}"
EndProject
Project("{FAE04EC0-301F-11D3-BF4B-00C04F79EFBC}") = "DTO", "DTO\DTO.csproj", "{9338C570-37A6-4666-8768-B7BD516B27CF}"
EndProject
Global
	GlobalSection(SolutionConfigurationPlatforms) = preSolution
		Debug|Any CPU = Debug|Any CPU
		Release|Any CPU = Release|Any CPU
	EndGlobalSection
	GlobalSection(ProjectConfigurationPlatforms) = postSolution
		{ED0291AD-15CF-497E-9C5B-39C2E796CB27}.Debug|Any CPU.ActiveCfg = Debug|Any CPU
		{ED0291AD-15CF-497E-9C5B-39C2E796CB27}.Debug|Any CPU.Build.0 = Debug|Any CPU
		{ED0291AD-15CF-497E-9C5B-39C2E796CB27}.Release|Any CPU.ActiveCfg = Release|Any CPU
		{ED0291AD-15CF-497E-9C5B-39C2E796CB27}.Release|Any CPU.Build.0 = Release|Any CPU
		{2584B06B-F1C4-48F8-84FE-A8CF536745CB}.Debug|Any CPU.ActiveCfg = Debug|Any CPU
		{2584B06B-F1C4-48F8-84FE-A8CF536745CB}.Debug|Any CPU.Build.0 = Debug|Any CPU
		{2584B06B-F1C4-48F8-84FE-A8CF536745CB}.Release|Any CPU.ActiveCfg = Release|Any CPU
		{2584B06B-F1C4-48F8-84FE-A8CF536745CB}.Release|Any CPU.Build.0 = Release|Any CPU
		{AB69D277-B5AF-40AA-BFF5-656C7849A768}.Debug|Any CPU.ActiveCfg = Debug|Any CPU
		{AB69D277-B5AF-40AA-BFF5-656C7849A768}.Debug|Any CPU.Build.0 = Debug|Any CPU
		{AB69D277-B5AF-40AA-BFF5-656C7849A768}.Release|Any CPU.ActiveCfg = Release|Any CPU
		{AB69D277-B5AF-40AA-BFF5-656C7849A768}.Release|Any CPU.Build.0 = Release|Any CPU
		{9338C570-37A6-4666-8768-B7BD516B27CF}.Debug|Any CPU.ActiveCfg = Debug|Any CPU
		{9338C570-37A6-4666-8768-B7BD516B27CF}.Debug|Any CPU.Build.0 = Debug|Any CPU
		{9338C570-37A6-4666-8768-B7BD516B27CF}.Release|Any CPU.ActiveCfg = Release|Any CPU
		{9338C570-37A6-4666-8768-B7BD516B27CF}.Release|Any CPU.Build.0 = Release|Any CPU
	EndGlobalSection
	GlobalSection(SolutionProperties) = preSolution
		HideSolutionNode = FALSE
	EndGlobalSection
	GlobalSection(ExtensibilityGlobals) = postSolution
		SolutionGuid = {35080EE7-94CD-4E78-B4B9-61B065E944BA}
	EndGlobalSection
EndGlobal
